{
  "name": "nodelinkwatcher",
  "version": "1.0.0",
  "lockfileVersion": 2,
  "requires": true,
  "packages": {
    "": {
      "name": "nodelinkwatcher",
      "version": "1.0.0",
      "license": "ISC",
      "dependencies": {
        "prettier": "^2.8.1",
        "wikimedia-streams": "^0.3.1"
      }
    },
    "node_modules/eventsource": {
      "version": "2.0.2",
      "resolved": "https://registry.npmjs.org/eventsource/-/eventsource-2.0.2.tgz",
      "integrity": "sha512-IzUmBGPR3+oUG9dUeXynyNmf91/3zUSJg1lCktzKw47OXuhco54U3r9B7O4XX+Rb1Itm9OZ2b0RkTs10bICOxA==",
      "engines": {
        "node": ">=12.0.0"
      }
    },
    "node_modules/prettier": {
      "version": "2.8.1",
      "resolved": "https://registry.npmjs.org/prettier/-/prettier-2.8.1.tgz",
      "integrity": "sha512-lqGoSJBQNJidqCHE80vqZJHWHRFoNYsSpP9AjFhlhi9ODCJA541svILes/+/1GM3VaL/abZi7cpFzOpdR9UPKg==",
      "bin": {
        "prettier": "bin-prettier.js"
      },
      "engines": {
        "node": ">=10.13.0"
      },
      "funding": {
        "url": "https://github.com/prettier/prettier?sponsor=1"
      }
    },
    "node_modules/wikimedia-streams": {
      "version": "0.3.1",
      "resolved": "https://registry.npmjs.org/wikimedia-streams/-/wikimedia-streams-0.3.1.tgz",
      "integrity": "sha512-EZT2k10ktv85VEqMBJBiAFP/yaBKgZ1gykb+Z1qegp+RHDtmQDnKAzmZbQwrUj9DhzKPxbiXkwoKgcnauy1sWg==",
      "dependencies": {
        "eventsource": "^2.0.0"
      },
      "engines": {
        "node": ">=12.0.0"
      }
    }
  },
  "dependencies": {
    "eventsource": {
      "version": "2.0.2",
      "resolved": "https://registry.npmjs.org/eventsource/-/eventsource-2.0.2.tgz",
      "integrity": "sha512-IzUmBGPR3+oUG9dUeXynyNmf91/3zUSJg1lCktzKw47OXuhco54U3r9B7O4XX+Rb1Itm9OZ2b0RkTs10bICOxA=="
    },
    "prettier": {
      "version": "2.8.1",
      "resolved": "https://registry.npmjs.org/prettier/-/prettier-2.8.1.tgz",
      "integrity": "sha512-lqGoSJBQNJidqCHE80vqZJHWHRFoNYsSpP9AjFhlhi9ODCJA541svILes/+/1GM3VaL/abZi7cpFzOpdR9UPKg=="
    },
    "wikimedia-streams": {
      "version": "0.3.1",
      "resolved": "https://registry.npmjs.org/wikimedia-streams/-/wikimedia-streams-0.3.1.tgz",
      "integrity": "sha512-EZT2k10ktv85VEqMBJBiAFP/yaBKgZ1gykb+Z1qegp+RHDtmQDnKAzmZbQwrUj9DhzKPxbiXkwoKgcnauy1sWg==",
      "requires": {
        "eventsource": "^2.0.0"
      }
    }
  }
}
